
Microsoft Visual Studio Solution File, Format Version 12.00
# Visual Studio Version 17
VisualStudioVersion = 17.7.34024.191
MinimumVisualStudioVersion = 10.0.40219.1
Project("{8BC9CEB8-8B4A-11D0-8D11-00A0C91BC942}") = "HW08.1", "HW08.1.vcxproj", "{193299BF-3B87-4609-B588-51205C149581}"
EndProject
Global
	GlobalSection(SolutionConfigurationPlatforms) = preSolution
		Debug|x64 = Debug|x64
		Debug|x86 = Debug|x86
		Release|x64 = Release|x64
		Release|x86 = Release|x86
	EndGlobalSection
	GlobalSection(ProjectConfigurationPlatforms) = postSolution
		{193299BF-3B87-4609-B588-51205C149581}.Debug|x64.ActiveCfg = Debug|x64
		{193299BF-3B87-4609-B588-51205C149581}.Debug|x64.Build.0 = Debug|x64
		{193299BF-3B87-4609-B588-51205C149581}.Debug|x86.ActiveCfg = Debug|Win32
		{193299BF-3B87-4609-B588-51205C149581}.Debug|x86.Build.0 = Debug|Win32
		{193299BF-3B87-4609-B588-51205C149581}.Release|x64.ActiveCfg = Release|x64
		{193299BF-3B87-4609-B588-51205C149581}.Release|x64.Build.0 = Release|x64
		{193299BF-3B87-4609-B588-51205C149581}.Release|x86.ActiveCfg = Release|Win32
		{193299BF-3B87-4609-B588-51205C149581}.Release|x86.Build.0 = Release|Win32
	EndGlobalSection
	GlobalSection(SolutionProperties) = preSolution
		HideSolutionNode = FALSE
	EndGlobalSection
	GlobalSection(ExtensibilityGlobals) = postSolution
		SolutionGuid = {4F7DB0A2-FB01-4968-9F40-FF7D14FCE1DD}
	EndGlobalSection
EndGlobal
